
Microsoft Visual Studio Solution File, Format Version 12.00
# Visual Studio Version 16
VisualStudioVersion = 16.0.32929.386
MinimumVisualStudioVersion = 10.0.40219.1
Project("{FAE04EC0-301F-11D3-BF4B-00C04F79EFBC}") = "ChkListCursos", "ChkListCursos\ChkListCursos.csproj", "{BA0ACE97-CCC7-434B-9A01-9FA38C5CFC11}"
EndProject
Global
	GlobalSection(SolutionConfigurationPlatforms) = preSolution
		Debug|Any CPU = Debug|Any CPU
		Release|Any CPU = Release|Any CPU
	EndGlobalSection
	GlobalSection(ProjectConfigurationPlatforms) = postSolution
		{BA0ACE97-CCC7-434B-9A01-9FA38C5CFC11}.Debug|Any CPU.ActiveCfg = Debug|Any CPU
		{BA0ACE97-CCC7-434B-9A01-9FA38C5CFC11}.Debug|Any CPU.Build.0 = Debug|Any CPU
		{BA0ACE97-CCC7-434B-9A01-9FA38C5CFC11}.Release|Any CPU.ActiveCfg = Release|Any CPU
		{BA0ACE97-CCC7-434B-9A01-9FA38C5CFC11}.Release|Any CPU.Build.0 = Release|Any CPU
	EndGlobalSection
	GlobalSection(SolutionProperties) = preSolution
		HideSolutionNode = FALSE
	EndGlobalSection
	GlobalSection(ExtensibilityGlobals) = postSolution
		SolutionGuid = {D5120780-BDB1-4092-B3F3-60018F2E2168}
	EndGlobalSection
EndGlobal
